{
    "version": 1,
    "overrides": {
        "controls/Connections.php": {
            "base": "sha256:6b413f645eba3369057b68929c8bf6e489a3f45fa2eaf5016b69070ad4adb0f5",
            "release": "dev-main",
            "recorded_at": "2026-09-30T02:30:25+00:00"
        },
        "controls/Index.php": {
            "base": "sha256:06e2e7ecefff961520862d859508d2f03e75e67ad6c779974ec00ffdbdd624e6",
            "release": "dev-main",
            "recorded_at": "2026-09-30T16:14:57+00:00"
        },
        "controls/Integrations.php": {
            "base": "sha256:c67718880d5de8608739633fd0789975e507e2373237b3eba89ec6d8d359fc92",
            "release": "dev-main",
            "recorded_at": "2026-09-30T02:30:25+00:00"
        },
        "controls/Teams.php": {
            "base": "sha256:435ef4793ff31e7cde7f9a92c9edec8f0db99e49e6685bae07cfb7c1525ccfb9",
            "release": "dev-main",
            "recorded_at": "2026-09-30T16:56:03+00:00"
        },
        "views/teams/create.php": {
            "base": "sha256:000744cfbf7c64137886ec4cc0501d39c7f83bce4884406abfa0d581e7815267",
            "release": "dev-main",
            "recorded_at": "2026-09-30T16:56:03+00:00"
        },
        "views/teams/index.php": {
            "base": "sha256:c2ad92482f7c57ba734e580eda11cf4d631699676e4a98adca439aa34bb7c469",
            "release": "dev-main",
            "recorded_at": "2026-09-30T16:56:03+00:00"
        },
        "views/teams/members.php": {
            "base": "sha256:36bddfcabf746915a8ecaf60b028f972b8048bdeb6bb1cd6a75b44def4b71c04",
            "release": "dev-main",
            "recorded_at": "2026-09-30T16:56:03+00:00"
        },
        "views/teams/settings.php": {
            "base": "sha256:f33c071595e8d9028e240c7a64a5559714681f1b724944572bcae4e3267d9dac",
            "release": "dev-main",
            "recorded_at": "2026-09-30T16:56:04+00:00"
        },
        "views/teams/view.php": {
            "base": "sha256:188cd9b6a2204b9be2762a1b9ccf6427eab6a70d738af3f159eb56b9499acc90",
            "release": "dev-main",
            "recorded_at": "2026-09-30T16:56:04+00:00"
        }
    }
}
