{
    "version": 1,
    "overrides": {
        "controls/Connections.php": {
            "base": "sha256:6b413f645eba3369057b68929c8bf6e489a3f45fa2eaf5016b69070ad4adb0f5",
            "release": "dev-main",
            "recorded_at": "2026-09-30T02:30:25+00:00"
        },
        "controls/Index.php": {
            "base": "sha256:b61d7b27557e035e9396671ff4841b5d055076fe38f571df822816be67f1b93b",
            "release": "dev-main",
            "recorded_at": "2026-09-30T14:00:13+00:00"
        },
        "controls/Integrations.php": {
            "base": "sha256:c67718880d5de8608739633fd0789975e507e2373237b3eba89ec6d8d359fc92",
            "release": "dev-main",
            "recorded_at": "2026-09-30T02:30:25+00:00"
        }
    }
}
